// !$*UTF8*$!
{
	archiveVersion = 1;
	classes = {
	};
	objectVersion = 56;
	objects = {

/* Begin PBXBuildFile section */
		7345085B297BD896001D6B17 /* SlotMachineAppApp.swift in Sources */ = {isa = PBXBuildFile; fileRef = 7345085A297BD896001D6B17 /* SlotMachineAppApp.swift */; };
		7345085D297BD896001D6B17 /* ContentView.swift in Sources */ = {isa = PBXBuildFile; fileRef = 7345085C297BD896001D6B17 /* ContentView.swift */; };
		7345085F297BD897001D6B17 /* Assets.xcassets in Resources */ = {isa = PBXBuildFile; fileRef = 7345085E297BD897001D6B17 /* Assets.xcassets */; };
		73450862297BD897001D6B17 /* Preview Assets.xcassets in Resources */ = {isa = PBXBuildFile; fileRef = 73450861297BD897001D6B17 /* Preview Assets.xcassets */; };
		7382EB9529A296C70017D0AA /* chimeup.mp3 in Resources */ = {isa = PBXBuildFile; fileRef = 7382EB8F29A296C70017D0AA /* chimeup.mp3 */; };
		7382EB9629A296C70017D0AA /* casino-chips.mp3 in Resources */ = {isa = PBXBuildFile; fileRef = 7382EB9029A296C70017D0AA /* casino-chips.mp3 */; };
		7382EB9729A296C70017D0AA /* spin.mp3 in Resources */ = {isa = PBXBuildFile; fileRef = 7382EB9129A296C70017D0AA /* spin.mp3 */; };
		7382EB9829A296C70017D0AA /* win.mp3 in Resources */ = {isa = PBXBuildFile; fileRef = 7382EB9229A296C70017D0AA /* win.mp3 */; };
		7382EB9929A296C70017D0AA /* game-over.mp3 in Resources */ = {isa = PBXBuildFile; fileRef = 7382EB9329A296C70017D0AA /* game-over.mp3 */; };
		7382EB9A29A296C70017D0AA /* high-score.mp3 in Resources */ = {isa = PBXBuildFile; fileRef = 7382EB9429A296C70017D0AA /* high-score.mp3 */; };
		7382EB9C29A296D80017D0AA /* SupportView.swift in Sources */ = {isa = PBXBuildFile; fileRef = 7382EB9B29A296D80017D0AA /* SupportView.swift */; };
		7382EB9E29A296DF0017D0AA /* SoundPlaying.swift in Sources */ = {isa = PBXBuildFile; fileRef = 7382EB9D29A296DF0017D0AA /* SoundPlaying.swift */; };
		7382EBA029A296F40017D0AA /* Persistence.swift in Sources */ = {isa = PBXBuildFile; fileRef = 7382EB9F29A296F40017D0AA /* Persistence.swift */; };
		7382EBA329A2974B0017D0AA /* SlotMachineApp.xcdatamodeld in Sources */ = {isa = PBXBuildFile; fileRef = 7382EBA129A2974B0017D0AA /* SlotMachineApp.xcdatamodeld */; };
/* End PBXBuildFile section */

/* Begin PBXFileReference section */
		73450857297BD896001D6B17 /* SlotMachineApp.app */ = {isa = PBXFileReference; explicitFileType = wrapper.application; includeInIndex = 0; path = SlotMachineApp.app; sourceTree = BUILT_PRODUCTS_DIR; };
		7345085A297BD896001D6B17 /* SlotMachineAppApp.swift */ = {isa = PBXFileReference; lastKnownFileType = sourcecode.swift; path = SlotMachineAppApp.swift; sourceTree = "<group>"; };
		7345085C297BD896001D6B17 /* ContentView.swift */ = {isa = PBXFileReference; lastKnownFileType = sourcecode.swift; path = ContentView.swift; sourceTree = "<group>"; };
		7345085E297BD897001D6B17 /* Assets.xcassets */ = {isa = PBXFileReference; lastKnownFileType = folder.assetcatalog; path = Assets.xcassets; sourceTree = "<group>"; };
		73450861297BD897001D6B17 /* Preview Assets.xcassets */ = {isa = PBXFileReference; lastKnownFileType = folder.assetcatalog; path = "Preview Assets.xcassets"; sourceTree = "<group>"; };
		7382EB8F29A296C70017D0AA /* chimeup.mp3 */ = {isa = PBXFileReference; lastKnownFileType = audio.mp3; path = chimeup.mp3; sourceTree = "<group>"; };
		7382EB9029A296C70017D0AA /* casino-chips.mp3 */ = {isa = PBXFileReference; lastKnownFileType = audio.mp3; path = "casino-chips.mp3"; sourceTree = "<group>"; };
		7382EB9129A296C70017D0AA /* spin.mp3 */ = {isa = PBXFileReference; lastKnownFileType = audio.mp3; path = spin.mp3; sourceTree = "<group>"; };
		7382EB9229A296C70017D0AA /* win.mp3 */ = {isa = PBXFileReference; lastKnownFileType = audio.mp3; path = win.mp3; sourceTree = "<group>"; };
		7382EB9329A296C70017D0AA /* game-over.mp3 */ = {isa = PBXFileReference; lastKnownFileType = audio.mp3; path = "game-over.mp3"; sourceTree = "<group>"; };
		7382EB9429A296C70017D0AA /* high-score.mp3 */ = {isa = PBXFileReference; lastKnownFileType = audio.mp3; path = "high-score.mp3"; sourceTree = "<group>"; };
		7382EB9B29A296D80017D0AA /* SupportView.swift */ = {isa = PBXFileReference; fileEncoding = 4; lastKnownFileType = sourcecode.swift; path = SupportView.swift; sourceTree = "<group>"; };
		7382EB9D29A296DF0017D0AA /* SoundPlaying.swift */ = {isa = PBXFileReference; fileEncoding = 4; lastKnownFileType = sourcecode.swift; path = SoundPlaying.swift; sourceTree = "<group>"; };
		7382EB9F29A296F40017D0AA /* Persistence.swift */ = {isa = PBXFileReference; fileEncoding = 4; lastKnownFileType = sourcecode.swift; path = Persistence.swift; sourceTree = "<group>"; };
		7382EBA229A2974B0017D0AA /* SlotMachineApp.xcdatamodel */ = {isa = PBXFileReference; lastKnownFileType = wrapper.xcdatamodel; path = SlotMachineApp.xcdatamodel; sourceTree = "<group>"; };
/* End PBXFileReference section */

/* Begin PBXFrameworksBuildPhase section */
		73450854297BD896001D6B17 /* Frameworks */ = {
			isa = PBXFrameworksBuildPhase;
			buildActionMask = 2147483647;
			files = (
			);
			runOnlyForDeploymentPostprocessing = 0;
		};
/* End PBXFrameworksBuildPhase section */

/* Begin PBXGroup section */
		7345084E297BD896001D6B17 = {
			isa = PBXGroup;
			children = (
				73450859297BD896001D6B17 /* SlotMachineApp */,
				73450858297BD896001D6B17 /* Products */,
			);
			sourceTree = "<group>";
		};
		73450858297BD896001D6B17 /* Products */ = {
			isa = PBXGroup;
			children = (
				73450857297BD896001D6B17 /* SlotMachineApp.app */,
			);
			name = Products;
			sourceTree = "<group>";
		};
		73450859297BD896001D6B17 /* SlotMachineApp */ = {
			isa = PBXGroup;
			children = (
				7382EB8E29A296C70017D0AA /* Audio */,
				7345085A297BD896001D6B17 /* SlotMachineAppApp.swift */,
				7345085C297BD896001D6B17 /* ContentView.swift */,
				7382EB9B29A296D80017D0AA /* SupportView.swift */,
				7382EB9D29A296DF0017D0AA /* SoundPlaying.swift */,
				7382EB9F29A296F40017D0AA /* Persistence.swift */,
				7345085E297BD897001D6B17 /* Assets.xcassets */,
				7382EBA129A2974B0017D0AA /* SlotMachineApp.xcdatamodeld */,
				73450860297BD897001D6B17 /* Preview Content */,
			);
			path = SlotMachineApp;
			sourceTree = "<group>";
		};
		73450860297BD897001D6B17 /* Preview Content */ = {
			isa = PBXGroup;
			children = (
				73450861297BD897001D6B17 /* Preview Assets.xcassets */,
			);
			path = "Preview Content";
			sourceTree = "<group>";
		};
		7382EB8E29A296C70017D0AA /* Audio */ = {
			isa = PBXGroup;
			children = (
				7382EB8F29A296C70017D0AA /* chimeup.mp3 */,
				7382EB9029A296C70017D0AA /* casino-chips.mp3 */,
				7382EB9129A296C70017D0AA /* spin.mp3 */,
				7382EB9229A296C70017D0AA /* win.mp3 */,
				7382EB9329A296C70017D0AA /* game-over.mp3 */,
				7382EB9429A296C70017D0AA /* high-score.mp3 */,
			);
			path = Audio;
			sourceTree = "<group>";
		};
/* End PBXGroup section */

/* Begin PBXNativeTarget section */
		73450856297BD896001D6B17 /* SlotMachineApp */ = {
			isa = PBXNativeTarget;
			buildConfigurationList = 73450865297BD897001D6B17 /* Build configuration list for PBXNativeTarget "SlotMachineApp" */;
			buildPhases = (
				73450853297BD896001D6B17 /* Sources */,
				73450854297BD896001D6B17 /* Frameworks */,
				73450855297BD896001D6B17 /* Resources */,
			);
			buildRules = (
			);
			dependencies = (
			);
			name = SlotMachineApp;
			productName = SlotMachineApp;
			productReference = 73450857297BD896001D6B17 /* SlotMachineApp.app */;
			productType = "com.apple.product-type.application";
		};
/* End PBXNativeTarget section */

/* Begin PBXProject section */
		7345084F297BD896001D6B17 /* Project object */ = {
			isa = PBXProject;
			attributes = {
				BuildIndependentTargetsInParallel = 1;
				LastSwiftUpdateCheck = 1420;
				LastUpgradeCheck = 1420;
				TargetAttributes = {
					73450856297BD896001D6B17 = {
						CreatedOnToolsVersion = 14.2;
					};
				};
			};
			buildConfigurationList = 73450852297BD896001D6B17 /* Build configuration list for PBXProject "SlotMachineApp" */;
			compatibilityVersion = "Xcode 14.0";
			developmentRegion = en;
			hasScannedForEncodings = 0;
			knownRegions = (
				en,
				Base,
			);
			mainGroup = 7345084E297BD896001D6B17;
			productRefGroup = 73450858297BD896001D6B17 /* Products */;
			projectDirPath = "";
			projectRoot = "";
			targets = (
				73450856297BD896001D6B17 /* SlotMachineApp */,
			);
		};
/* End PBXProject section */

/* Begin PBXResourcesBuildPhase section */
		73450855297BD896001D6B17 /* Resources */ = {
			isa = PBXResourcesBuildPhase;
			buildActionMask = 2147483647;
			files = (
				7382EB9529A296C70017D0AA /* chimeup.mp3 in Resources */,
				7382EB9729A296C70017D0AA /* spin.mp3 in Resources */,
				73450862297BD897001D6B17 /* Preview Assets.xcassets in Resources */,
				7382EB9829A296C70017D0AA /* win.mp3 in Resources */,
				7382EB9929A296C70017D0AA /* game-over.mp3 in Resources */,
				7382EB9A29A296C70017D0AA /* high-score.mp3 in Resources */,
				7345085F297BD897001D6B17 /* Assets.xcassets in Resources */,
				7382EB9629A296C70017D0AA /* casino-chips.mp3 in Resources */,
			);
			runOnlyForDeploymentPostprocessing = 0;
		};
/* End PBXResourcesBuildPhase section */

/* Begin PBXSourcesBuildPhase section */
		73450853297BD896001D6B17 /* Sources */ = {
			isa = PBXSourcesBuildPhase;
			buildActionMask = 2147483647;
			files = (
				7382EB9C29A296D80017D0AA /* SupportView.swift in Sources */,
				7382EBA329A2974B0017D0AA /* SlotMachineApp.xcdatamodeld in Sources */,
				7345085D297BD896001D6B17 /* ContentView.swift in Sources */,
				7382EB9E29A296DF0017D0AA /* SoundPlaying.swift in Sources */,
				7345085B297BD896001D6B17 /* SlotMachineAppApp.swift in Sources */,
				7382EBA029A296F40017D0AA /* Persistence.swift in Sources */,
			);
			runOnlyForDeploymentPostprocessing = 0;
		};
/* End PBXSourcesBuildPhase section */

/* Begin XCBuildConfiguration section */
		73450863297BD897001D6B17 /* Debug */ = {
			isa = XCBuildConfiguration;
			buildSettings = {
				ALWAYS_SEARCH_USER_PATHS = NO;
				CLANG_ANALYZER_NONNULL = YES;
				CLANG_ANALYZER_NUMBER_OBJECT_CONVERSION = YES_AGGRESSIVE;
				CLANG_CXX_LANGUAGE_STANDARD = "gnu++20";
				CLANG_ENABLE_MODULES = YES;
				CLANG_ENABLE_OBJC_ARC = YES;
				CLANG_ENABLE_OBJC_WEAK = YES;
				CLANG_WARN_BLOCK_CAPTURE_AUTORELEASING = YES;
				CLANG_WARN_BOOL_CONVERSION = YES;
				CLANG_WARN_COMMA = YES;
				CLANG_WARN_CONSTANT_CONVERSION = YES;
				CLANG_WARN_DEPRECATED_OBJC_IMPLEMENTATIONS = YES;
				CLANG_WARN_DIRECT_OBJC_ISA_USAGE = YES_ERROR;
				CLANG_WARN_DOCUMENTATION_COMMENTS = YES;
				CLANG_WARN_EMPTY_BODY = YES;
				CLANG_WARN_ENUM_CONVERSION = YES;
				CLANG_WARN_INFINITE_RECURSION = YES;
				CLANG_WARN_INT_CONVERSION = YES;
				CLANG_WARN_NON_LITERAL_NULL_CONVERSION = YES;
				CLANG_WARN_OBJC_IMPLICIT_RETAIN_SELF = YES;
				CLANG_WARN_OBJC_LITERAL_CONVERSION = YES;
				CLANG_WARN_OBJC_ROOT_CLASS = YES_ERROR;
				CLANG_WARN_QUOTED_INCLUDE_IN_FRAMEWORK_HEADER = YES;
				CLANG_WARN_RANGE_LOOP_ANALYSIS = YES;
				CLANG_WARN_STRICT_PROTOTYPES = YES;
				CLANG_WARN_SUSPICIOUS_MOVE = YES;
				CLANG_WARN_UNGUARDED_AVAILABILITY = YES_AGGRESSIVE;
				CLANG_WARN_UNREACHABLE_CODE = YES;
				CLANG_WARN__DUPLICATE_METHOD_MATCH = YES;
				COPY_PHASE_STRIP = NO;
				DEBUG_INFORMATION_FORMAT = dwarf;
				ENABLE_STRICT_OBJC_MSGSEND = YES;
				ENABLE_TESTABILITY = YES;
				GCC_C_LANGUAGE_STANDARD = gnu11;
				GCC_DYNAMIC_NO_PIC = NO;
				GCC_NO_COMMON_BLOCKS = YES;
				GCC_OPTIMIZATION_LEVEL = 0;
				GCC_PREPROCESSOR_DEFINITIONS = (
					"DEBUG=1",
					"$(inherited)",
				);
				GCC_WARN_64_TO_32_BIT_CONVERSION = YES;
				GCC_WARN_ABOUT_RETURN_TYPE = YES_ERROR;
				GCC_WARN_UNDECLARED_SELECTOR = YES;
				GCC_WARN_UNINITIALIZED_AUTOS = YES_AGGRESSIVE;
				GCC_WARN_UNUSED_FUNCTION = YES;
				GCC_WARN_UNUSED_VARIABLE = YES;
				IPHONEOS_DEPLOYMENT_TARGET = 16.2;
				MTL_ENABLE_DEBUG_INFO = INCLUDE_SOURCE;
				MTL_FAST_MATH = YES;
				ONLY_ACTIVE_ARCH = YES;
				SDKROOT = iphoneos;
				SWIFT_ACTIVE_COMPILATION_CONDITIONS = DEBUG;
				SWIFT_OPTIMIZATION_LEVEL = "-Onone";
			};
			name = Debug;
		};
		73450864297BD897001D6B17 /* Release */ = {
			isa = XCBuildConfiguration;
			buildSettings = {
				ALWAYS_SEARCH_USER_PATHS = NO;
				CLANG_ANALYZER_NONNULL = YES;
				CLANG_ANALYZER_NUMBER_OBJECT_CONVERSION = YES_AGGRESSIVE;
				CLANG_CXX_LANGUAGE_STANDARD = "gnu++20";
				CLANG_ENABLE_MODULES = YES;
				CLANG_ENABLE_OBJC_ARC = YES;
				CLANG_ENABLE_OBJC_WEAK = YES;
				CLANG_WARN_BLOCK_CAPTURE_AUTORELEASING = YES;
				CLANG_WARN_BOOL_CONVERSION = YES;
				CLANG_WARN_COMMA = YES;
				CLANG_WARN_CONSTANT_CONVERSION = YES;
				CLANG_WARN_DEPRECATED_OBJC_IMPLEMENTATIONS = YES;
				CLANG_WARN_DIRECT_OBJC_ISA_USAGE = YES_ERROR;
				CLANG_WARN_DOCUMENTATION_COMMENTS = YES;
				CLANG_WARN_EMPTY_BODY = YES;
				CLANG_WARN_ENUM_CONVERSION = YES;
				CLANG_WARN_INFINITE_RECURSION = YES;
				CLANG_WARN_INT_CONVERSION = YES;
				CLANG_WARN_NON_LITERAL_NULL_CONVERSION = YES;
				CLANG_WARN_OBJC_IMPLICIT_RETAIN_SELF = YES;
				CLANG_WARN_OBJC_LITERAL_CONVERSION = YES;
				CLANG_WARN_OBJC_ROOT_CLASS = YES_ERROR;
				CLANG_WARN_QUOTED_INCLUDE_IN_FRAMEWORK_HEADER = YES;
				CLANG_WARN_RANGE_LOOP_ANALYSIS = YES;
				CLANG_WARN_STRICT_PROTOTYPES = YES;
				CLANG_WARN_SUSPICIOUS_MOVE = YES;
				CLANG_WARN_UNGUARDED_AVAILABILITY = YES_AGGRESSIVE;
				CLANG_WARN_UNREACHABLE_CODE = YES;
				CLANG_WARN__DUPLICATE_METHOD_MATCH = YES;
				COPY_PHASE_STRIP = NO;
				DEBUG_INFORMATION_FORMAT = "dwarf-with-dsym";
				ENABLE_NS_ASSERTIONS = NO;
				ENABLE_STRICT_OBJC_MSGSEND = YES;
				GCC_C_LANGUAGE_STANDARD = gnu11;
				GCC_NO_COMMON_BLOCKS = YES;
				GCC_WARN_64_TO_32_BIT_CONVERSION = YES;
				GCC_WARN_ABOUT_RETURN_TYPE = YES_ERROR;
				GCC_WARN_UNDECLARED_SELECTOR = YES;
				GCC_WARN_UNINITIALIZED_AUTOS = YES_AGGRESSIVE;
				GCC_WARN_UNUSED_FUNCTION = YES;
				GCC_WARN_UNUSED_VARIABLE = YES;
				IPHONEOS_DEPLOYMENT_TARGET = 16.2;
				MTL_ENABLE_DEBUG_INFO = NO;
				MTL_FAST_MATH = YES;
				SDKROOT = iphoneos;
				SWIFT_COMPILATION_MODE = wholemodule;
				SWIFT_OPTIMIZATION_LEVEL = "-O";
				VALIDATE_PRODUCT = YES;
			};
			name = Release;
		};
		73450866297BD897001D6B17 /* Debug */ = {
			isa = XCBuildConfiguration;
			buildSettings = {
				ASSETCATALOG_COMPILER_APPICON_NAME = AppIcon;
				ASSETCATALOG_COMPILER_GLOBAL_ACCENT_COLOR_NAME = AccentColor;
				CODE_SIGN_STYLE = Automatic;
				CURRENT_PROJECT_VERSION = 1;
				DEVELOPMENT_ASSET_PATHS = "\"SlotMachineApp/Preview Content\"";
				DEVELOPMENT_TEAM = 5GLSY64466;
				ENABLE_PREVIEWS = YES;
				GENERATE_INFOPLIST_FILE = YES;
				INFOPLIST_KEY_UIApplicationSceneManifest_Generation = YES;
				INFOPLIST_KEY_UIApplicationSupportsIndirectInputEvents = YES;
				INFOPLIST_KEY_UILaunchScreen_Generation = YES;
				INFOPLIST_KEY_UISupportedInterfaceOrientations_iPad = "UIInterfaceOrientationPortrait UIInterfaceOrientationPortraitUpsideDown UIInterfaceOrientationLandscapeLeft UIInterfaceOrientationLandscapeRight";
				INFOPLIST_KEY_UISupportedInterfaceOrientations_iPhone = "UIInterfaceOrientationPortrait UIInterfaceOrientationLandscapeLeft UIInterfaceOrientationLandscapeRight";
				LD_RUNPATH_SEARCH_PATHS = (
					"$(inherited)",
					"@executable_path/Frameworks",
				);
				MARKETING_VERSION = 1.0;
				PRODUCT_BUNDLE_IDENTIFIER = ca.centennialcollege.SlotMachineApp;
				PRODUCT_NAME = "$(TARGET_NAME)";
				SWIFT_EMIT_LOC_STRINGS = YES;
				SWIFT_VERSION = 5.0;
				TARGETED_DEVICE_FAMILY = "1,2";
			};
			name = Debug;
		};
		73450867297BD897001D6B17 /* Release */ = {
			isa = XCBuildConfiguration;
			buildSettings = {
				ASSETCATALOG_COMPILER_APPICON_NAME = AppIcon;
				ASSETCATALOG_COMPILER_GLOBAL_ACCENT_COLOR_NAME = AccentColor;
				CODE_SIGN_STYLE = Automatic;
				CURRENT_PROJECT_VERSION = 1;
				DEVELOPMENT_ASSET_PATHS = "\"SlotMachineApp/Preview Content\"";
				DEVELOPMENT_TEAM = 5GLSY64466;
				ENABLE_PREVIEWS = YES;
				GENERATE_INFOPLIST_FILE = YES;
				INFOPLIST_KEY_UIApplicationSceneManifest_Generation = YES;
				INFOPLIST_KEY_UIApplicationSupportsIndirectInputEvents = YES;
				INFOPLIST_KEY_UILaunchScreen_Generation = YES;
				INFOPLIST_KEY_UISupportedInterfaceOrientations_iPad = "UIInterfaceOrientationPortrait UIInterfaceOrientationPortraitUpsideDown UIInterfaceOrientationLandscapeLeft UIInterfaceOrientationLandscapeRight";
				INFOPLIST_KEY_UISupportedInterfaceOrientations_iPhone = "UIInterfaceOrientationPortrait UIInterfaceOrientationLandscapeLeft UIInterfaceOrientationLandscapeRight";
				LD_RUNPATH_SEARCH_PATHS = (
					"$(inherited)",
					"@executable_path/Frameworks",
				);
				MARKETING_VERSION = 1.0;
				PRODUCT_BUNDLE_IDENTIFIER = ca.centennialcollege.SlotMachineApp;
				PRODUCT_NAME = "$(TARGET_NAME)";
				SWIFT_EMIT_LOC_STRINGS = YES;
				SWIFT_VERSION = 5.0;
				TARGETED_DEVICE_FAMILY = "1,2";
			};
			name = Release;
		};
/* End XCBuildConfiguration section */

/* Begin XCConfigurationList section */
		73450852297BD896001D6B17 /* Build configuration list for PBXProject "SlotMachineApp" */ = {
			isa = XCConfigurationList;
			buildConfigurations = (
				73450863297BD897001D6B17 /* Debug */,
				73450864297BD897001D6B17 /* Release */,
			);
			defaultConfigurationIsVisible = 0;
			defaultConfigurationName = Release;
		};
		73450865297BD897001D6B17 /* Build configuration list for PBXNativeTarget "SlotMachineApp" */ = {
			isa = XCConfigurationList;
			buildConfigurations = (
				73450866297BD897001D6B17 /* Debug */,
				73450867297BD897001D6B17 /* Release */,
			);
			defaultConfigurationIsVisible = 0;
			defaultConfigurationName = Release;
		};
/* End XCConfigurationList section */

/* Begin XCVersionGroup section */
		7382EBA129A2974B0017D0AA /* SlotMachineApp.xcdatamodeld */ = {
			isa = XCVersionGroup;
			children = (
				7382EBA229A2974B0017D0AA /* SlotMachineApp.xcdatamodel */,
			);
			currentVersion = 7382EBA229A2974B0017D0AA /* SlotMachineApp.xcdatamodel */;
			path = SlotMachineApp.xcdatamodeld;
			sourceTree = "<group>";
			versionGroupType = wrapper.xcdatamodel;
		};
/* End XCVersionGroup section */
	};
	rootObject = 7345084F297BD896001D6B17 /* Project object */;
}
